
Microsoft Visual Studio Solution File, Format Version 12.00
# Visual Studio Version 17
VisualStudioVersion = 17.4.33403.182
MinimumVisualStudioVersion = 10.0.40219.1
Project("{FAE04EC0-301F-11D3-BF4B-00C04F79EFBC}") = "ConsoleApp1", "ConsoleApp1\ConsoleApp1.csproj", "{4310CC80-0C51-48A3-8106-4199557CCDBF}"
EndProject
Global
	GlobalSection(SolutionConfigurationPlatforms) = preSolution
		Debug|Any CPU = Debug|Any CPU
		Release|Any CPU = Release|Any CPU
	EndGlobalSection
	GlobalSection(ProjectConfigurationPlatforms) = postSolution
		{4310CC80-0C51-48A3-8106-4199557CCDBF}.Debug|Any CPU.ActiveCfg = Debug|Any CPU
		{4310CC80-0C51-48A3-8106-4199557CCDBF}.Debug|Any CPU.Build.0 = Debug|Any CPU
		{4310CC80-0C51-48A3-8106-4199557CCDBF}.Release|Any CPU.ActiveCfg = Release|Any CPU
		{4310CC80-0C51-48A3-8106-4199557CCDBF}.Release|Any CPU.Build.0 = Release|Any CPU
	EndGlobalSection
	GlobalSection(SolutionProperties) = preSolution
		HideSolutionNode = FALSE
	EndGlobalSection
	GlobalSection(ExtensibilityGlobals) = postSolution
		SolutionGuid = {4D8DF53C-CBC1-47EA-9D4D-82D820FAD055}
	EndGlobalSection
EndGlobal
