
Microsoft Visual Studio Solution File, Format Version 12.00
# Visual Studio Version 17
VisualStudioVersion = 17.4.33403.182
MinimumVisualStudioVersion = 10.0.40219.1
Project("{FAE04EC0-301F-11D3-BF4B-00C04F79EFBC}") = "Абстрактные типы данных", "Абстрактные типы данных\Абстрактные типы данных.csproj", "{542C8CCB-E811-425E-A2E9-BFD5AD18CE55}"
EndProject
Global
	GlobalSection(SolutionConfigurationPlatforms) = preSolution
		Debug|Any CPU = Debug|Any CPU
		Release|Any CPU = Release|Any CPU
	EndGlobalSection
	GlobalSection(ProjectConfigurationPlatforms) = postSolution
		{542C8CCB-E811-425E-A2E9-BFD5AD18CE55}.Debug|Any CPU.ActiveCfg = Debug|Any CPU
		{542C8CCB-E811-425E-A2E9-BFD5AD18CE55}.Debug|Any CPU.Build.0 = Debug|Any CPU
		{542C8CCB-E811-425E-A2E9-BFD5AD18CE55}.Release|Any CPU.ActiveCfg = Release|Any CPU
		{542C8CCB-E811-425E-A2E9-BFD5AD18CE55}.Release|Any CPU.Build.0 = Release|Any CPU
	EndGlobalSection
	GlobalSection(SolutionProperties) = preSolution
		HideSolutionNode = FALSE
	EndGlobalSection
	GlobalSection(ExtensibilityGlobals) = postSolution
		SolutionGuid = {AFBC0665-F963-44F4-A1B4-195090E1EDC9}
	EndGlobalSection
EndGlobal
